// !$*UTF8*$!
{
	archiveVersion = 1;
	classes = {
	};
	objectVersion = 56;
	objects = {

/* Begin PBXBuildFile section */
		2A0B96C62B71DA6D0035775C /* WidgetSwiftUIApp.swift in Sources */ = {isa = PBXBuildFile; fileRef = 2A0B96C52B71DA6D0035775C /* WidgetSwiftUIApp.swift */; };
		2A0B96C82B71DA6D0035775C /* ContentView.swift in Sources */ = {isa = PBXBuildFile; fileRef = 2A0B96C72B71DA6D0035775C /* ContentView.swift */; };
		2A0B96CA2B71DA6F0035775C /* Assets.xcassets in Resources */ = {isa = PBXBuildFile; fileRef = 2A0B96C92B71DA6F0035775C /* Assets.xcassets */; };
		2A0B96CD2B71DA6F0035775C /* Preview Assets.xcassets in Resources */ = {isa = PBXBuildFile; fileRef = 2A0B96CC2B71DA6F0035775C /* Preview Assets.xcassets */; };
		2A0B96DA2B71DC8C0035775C /* WidgetKit.framework in Frameworks */ = {isa = PBXBuildFile; fileRef = 2A0B96D92B71DC8B0035775C /* WidgetKit.framework */; };
		2A0B96DC2B71DC8C0035775C /* SwiftUI.framework in Frameworks */ = {isa = PBXBuildFile; fileRef = 2A0B96DB2B71DC8C0035775C /* SwiftUI.framework */; };
		2A0B96DF2B71DC8C0035775C /* WidgetTestBundle.swift in Sources */ = {isa = PBXBuildFile; fileRef = 2A0B96DE2B71DC8C0035775C /* WidgetTestBundle.swift */; };
		2A0B96E12B71DC8C0035775C /* WidgetTestLiveActivity.swift in Sources */ = {isa = PBXBuildFile; fileRef = 2A0B96E02B71DC8C0035775C /* WidgetTestLiveActivity.swift */; };
		2A0B96E32B71DC8C0035775C /* WidgetTest.swift in Sources */ = {isa = PBXBuildFile; fileRef = 2A0B96E22B71DC8C0035775C /* WidgetTest.swift */; };
		2A0B96E52B71DC8C0035775C /* AppIntent.swift in Sources */ = {isa = PBXBuildFile; fileRef = 2A0B96E42B71DC8C0035775C /* AppIntent.swift */; };
		2A0B96E72B71DC8E0035775C /* Assets.xcassets in Resources */ = {isa = PBXBuildFile; fileRef = 2A0B96E62B71DC8E0035775C /* Assets.xcassets */; };
		2A0B96EB2B71DC8E0035775C /* WidgetTestExtension.appex in Embed Foundation Extensions */ = {isa = PBXBuildFile; fileRef = 2A0B96D72B71DC8B0035775C /* WidgetTestExtension.appex */; settings = {ATTRIBUTES = (RemoveHeadersOnCopy, ); }; };
/* End PBXBuildFile section */

/* Begin PBXContainerItemProxy section */
		2A0B96E92B71DC8E0035775C /* PBXContainerItemProxy */ = {
			isa = PBXContainerItemProxy;
			containerPortal = 2A0B96BA2B71DA6C0035775C /* Project object */;
			proxyType = 1;
			remoteGlobalIDString = 2A0B96D62B71DC8B0035775C;
			remoteInfo = WidgetTestExtension;
		};
/* End PBXContainerItemProxy section */

/* Begin PBXCopyFilesBuildPhase section */
		2A0B96EC2B71DC8E0035775C /* Embed Foundation Extensions */ = {
			isa = PBXCopyFilesBuildPhase;
			buildActionMask = 2147483647;
			dstPath = "";
			dstSubfolderSpec = 13;
			files = (
				2A0B96EB2B71DC8E0035775C /* WidgetTestExtension.appex in Embed Foundation Extensions */,
			);
			name = "Embed Foundation Extensions";
			runOnlyForDeploymentPostprocessing = 0;
		};
/* End PBXCopyFilesBuildPhase section */

/* Begin PBXFileReference section */
		2A0B96C22B71DA6D0035775C /* WidgetSwiftUI.app */ = {isa = PBXFileReference; explicitFileType = wrapper.application; includeInIndex = 0; path = WidgetSwiftUI.app; sourceTree = BUILT_PRODUCTS_DIR; };
		2A0B96C52B71DA6D0035775C /* WidgetSwiftUIApp.swift */ = {isa = PBXFileReference; lastKnownFileType = sourcecode.swift; path = WidgetSwiftUIApp.swift; sourceTree = "<group>"; };
		2A0B96C72B71DA6D0035775C /* ContentView.swift */ = {isa = PBXFileReference; lastKnownFileType = sourcecode.swift; path = ContentView.swift; sourceTree = "<group>"; };
		2A0B96C92B71DA6F0035775C /* Assets.xcassets */ = {isa = PBXFileReference; lastKnownFileType = folder.assetcatalog; path = Assets.xcassets; sourceTree = "<group>"; };
		2A0B96CC2B71DA6F0035775C /* Preview Assets.xcassets */ = {isa = PBXFileReference; lastKnownFileType = folder.assetcatalog; path = "Preview Assets.xcassets"; sourceTree = "<group>"; };
		2A0B96D72B71DC8B0035775C /* WidgetTestExtension.appex */ = {isa = PBXFileReference; explicitFileType = "wrapper.app-extension"; includeInIndex = 0; path = WidgetTestExtension.appex; sourceTree = BUILT_PRODUCTS_DIR; };
		2A0B96D92B71DC8B0035775C /* WidgetKit.framework */ = {isa = PBXFileReference; lastKnownFileType = wrapper.framework; name = WidgetKit.framework; path = System/Library/Frameworks/WidgetKit.framework; sourceTree = SDKROOT; };
		2A0B96DB2B71DC8C0035775C /* SwiftUI.framework */ = {isa = PBXFileReference; lastKnownFileType = wrapper.framework; name = SwiftUI.framework; path = System/Library/Frameworks/SwiftUI.framework; sourceTree = SDKROOT; };
		2A0B96DE2B71DC8C0035775C /* WidgetTestBundle.swift */ = {isa = PBXFileReference; lastKnownFileType = sourcecode.swift; path = WidgetTestBundle.swift; sourceTree = "<group>"; };
		2A0B96E02B71DC8C0035775C /* WidgetTestLiveActivity.swift */ = {isa = PBXFileReference; lastKnownFileType = sourcecode.swift; path = WidgetTestLiveActivity.swift; sourceTree = "<group>"; };
		2A0B96E22B71DC8C0035775C /* WidgetTest.swift */ = {isa = PBXFileReference; lastKnownFileType = sourcecode.swift; path = WidgetTest.swift; sourceTree = "<group>"; };
		2A0B96E42B71DC8C0035775C /* AppIntent.swift */ = {isa = PBXFileReference; lastKnownFileType = sourcecode.swift; path = AppIntent.swift; sourceTree = "<group>"; };
		2A0B96E62B71DC8E0035775C /* Assets.xcassets */ = {isa = PBXFileReference; lastKnownFileType = folder.assetcatalog; path = Assets.xcassets; sourceTree = "<group>"; };
		2A0B96E82B71DC8E0035775C /* Info.plist */ = {isa = PBXFileReference; lastKnownFileType = text.plist.xml; path = Info.plist; sourceTree = "<group>"; };
/* End PBXFileReference section */

/* Begin PBXFrameworksBuildPhase section */
		2A0B96BF2B71DA6D0035775C /* Frameworks */ = {
			isa = PBXFrameworksBuildPhase;
			buildActionMask = 2147483647;
			files = (
			);
			runOnlyForDeploymentPostprocessing = 0;
		};
		2A0B96D42B71DC8B0035775C /* Frameworks */ = {
			isa = PBXFrameworksBuildPhase;
			buildActionMask = 2147483647;
			files = (
				2A0B96DC2B71DC8C0035775C /* SwiftUI.framework in Frameworks */,
				2A0B96DA2B71DC8C0035775C /* WidgetKit.framework in Frameworks */,
			);
			runOnlyForDeploymentPostprocessing = 0;
		};
/* End PBXFrameworksBuildPhase section */

/* Begin PBXGroup section */
		2A0B96B92B71DA6C0035775C = {
			isa = PBXGroup;
			children = (
				2A0B96C42B71DA6D0035775C /* WidgetSwiftUI */,
				2A0B96DD2B71DC8C0035775C /* WidgetTest */,
				2A0B96D82B71DC8B0035775C /* Frameworks */,
				2A0B96C32B71DA6D0035775C /* Products */,
			);
			sourceTree = "<group>";
		};
		2A0B96C32B71DA6D0035775C /* Products */ = {
			isa = PBXGroup;
			children = (
				2A0B96C22B71DA6D0035775C /* WidgetSwiftUI.app */,
				2A0B96D72B71DC8B0035775C /* WidgetTestExtension.appex */,
			);
			name = Products;
			sourceTree = "<group>";
		};
		2A0B96C42B71DA6D0035775C /* WidgetSwiftUI */ = {
			isa = PBXGroup;
			children = (
				2A0B96C52B71DA6D0035775C /* WidgetSwiftUIApp.swift */,
				2A0B96C72B71DA6D0035775C /* ContentView.swift */,
				2A0B96C92B71DA6F0035775C /* Assets.xcassets */,
				2A0B96CB2B71DA6F0035775C /* Preview Content */,
			);
			path = WidgetSwiftUI;
			sourceTree = "<group>";
		};
		2A0B96CB2B71DA6F0035775C /* Preview Content */ = {
			isa = PBXGroup;
			children = (
				2A0B96CC2B71DA6F0035775C /* Preview Assets.xcassets */,
			);
			path = "Preview Content";
			sourceTree = "<group>";
		};
		2A0B96D82B71DC8B0035775C /* Frameworks */ = {
			isa = PBXGroup;
			children = (
				2A0B96D92B71DC8B0035775C /* WidgetKit.framework */,
				2A0B96DB2B71DC8C0035775C /* SwiftUI.framework */,
			);
			name = Frameworks;
			sourceTree = "<group>";
		};
		2A0B96DD2B71DC8C0035775C /* WidgetTest */ = {
			isa = PBXGroup;
			children = (
				2A0B96DE2B71DC8C0035775C /* WidgetTestBundle.swift */,
				2A0B96E02B71DC8C0035775C /* WidgetTestLiveActivity.swift */,
				2A0B96E22B71DC8C0035775C /* WidgetTest.swift */,
				2A0B96E42B71DC8C0035775C /* AppIntent.swift */,
				2A0B96E62B71DC8E0035775C /* Assets.xcassets */,
				2A0B96E82B71DC8E0035775C /* Info.plist */,
			);
			path = WidgetTest;
			sourceTree = "<group>";
		};
/* End PBXGroup section */

/* Begin PBXNativeTarget section */
		2A0B96C12B71DA6D0035775C /* WidgetSwiftUI */ = {
			isa = PBXNativeTarget;
			buildConfigurationList = 2A0B96D02B71DA6F0035775C /* Build configuration list for PBXNativeTarget "WidgetSwiftUI" */;
			buildPhases = (
				2A0B96BE2B71DA6D0035775C /* Sources */,
				2A0B96BF2B71DA6D0035775C /* Frameworks */,
				2A0B96C02B71DA6D0035775C /* Resources */,
				2A0B96EC2B71DC8E0035775C /* Embed Foundation Extensions */,
			);
			buildRules = (
			);
			dependencies = (
				2A0B96EA2B71DC8E0035775C /* PBXTargetDependency */,
			);
			name = WidgetSwiftUI;
			productName = WidgetSwiftUI;
			productReference = 2A0B96C22B71DA6D0035775C /* WidgetSwiftUI.app */;
			productType = "com.apple.product-type.application";
		};
		2A0B96D62B71DC8B0035775C /* WidgetTestExtension */ = {
			isa = PBXNativeTarget;
			buildConfigurationList = 2A0B96EF2B71DC8E0035775C /* Build configuration list for PBXNativeTarget "WidgetTestExtension" */;
			buildPhases = (
				2A0B96D32B71DC8B0035775C /* Sources */,
				2A0B96D42B71DC8B0035775C /* Frameworks */,
				2A0B96D52B71DC8B0035775C /* Resources */,
			);
			buildRules = (
			);
			dependencies = (
			);
			name = WidgetTestExtension;
			productName = WidgetTestExtension;
			productReference = 2A0B96D72B71DC8B0035775C /* WidgetTestExtension.appex */;
			productType = "com.apple.product-type.app-extension";
		};
/* End PBXNativeTarget section */

/* Begin PBXProject section */
		2A0B96BA2B71DA6C0035775C /* Project object */ = {
			isa = PBXProject;
			attributes = {
				BuildIndependentTargetsInParallel = 1;
				LastSwiftUpdateCheck = 1520;
				LastUpgradeCheck = 1520;
				TargetAttributes = {
					2A0B96C12B71DA6D0035775C = {
						CreatedOnToolsVersion = 15.2;
					};
					2A0B96D62B71DC8B0035775C = {
						CreatedOnToolsVersion = 15.2;
					};
				};
			};
			buildConfigurationList = 2A0B96BD2B71DA6C0035775C /* Build configuration list for PBXProject "WidgetSwiftUI" */;
			compatibilityVersion = "Xcode 14.0";
			developmentRegion = en;
			hasScannedForEncodings = 0;
			knownRegions = (
				en,
				Base,
			);
			mainGroup = 2A0B96B92B71DA6C0035775C;
			productRefGroup = 2A0B96C32B71DA6D0035775C /* Products */;
			projectDirPath = "";
			projectRoot = "";
			targets = (
				2A0B96C12B71DA6D0035775C /* WidgetSwiftUI */,
				2A0B96D62B71DC8B0035775C /* WidgetTestExtension */,
			);
		};
/* End PBXProject section */

/* Begin PBXResourcesBuildPhase section */
		2A0B96C02B71DA6D0035775C /* Resources */ = {
			isa = PBXResourcesBuildPhase;
			buildActionMask = 2147483647;
			files = (
				2A0B96CD2B71DA6F0035775C /* Preview Assets.xcassets in Resources */,
				2A0B96CA2B71DA6F0035775C /* Assets.xcassets in Resources */,
			);
			runOnlyForDeploymentPostprocessing = 0;
		};
		2A0B96D52B71DC8B0035775C /* Resources */ = {
			isa = PBXResourcesBuildPhase;
			buildActionMask = 2147483647;
			files = (
				2A0B96E72B71DC8E0035775C /* Assets.xcassets in Resources */,
			);
			runOnlyForDeploymentPostprocessing = 0;
		};
/* End PBXResourcesBuildPhase section */

/* Begin PBXSourcesBuildPhase section */
		2A0B96BE2B71DA6D0035775C /* Sources */ = {
			isa = PBXSourcesBuildPhase;
			buildActionMask = 2147483647;
			files = (
				2A0B96C82B71DA6D0035775C /* ContentView.swift in Sources */,
				2A0B96C62B71DA6D0035775C /* WidgetSwiftUIApp.swift in Sources */,
			);
			runOnlyForDeploymentPostprocessing = 0;
		};
		2A0B96D32B71DC8B0035775C /* Sources */ = {
			isa = PBXSourcesBuildPhase;
			buildActionMask = 2147483647;
			files = (
				2A0B96E12B71DC8C0035775C /* WidgetTestLiveActivity.swift in Sources */,
				2A0B96E52B71DC8C0035775C /* AppIntent.swift in Sources */,
				2A0B96E32B71DC8C0035775C /* WidgetTest.swift in Sources */,
				2A0B96DF2B71DC8C0035775C /* WidgetTestBundle.swift in Sources */,
			);
			runOnlyForDeploymentPostprocessing = 0;
		};
/* End PBXSourcesBuildPhase section */

/* Begin PBXTargetDependency section */
		2A0B96EA2B71DC8E0035775C /* PBXTargetDependency */ = {
			isa = PBXTargetDependency;
			target = 2A0B96D62B71DC8B0035775C /* WidgetTestExtension */;
			targetProxy = 2A0B96E92B71DC8E0035775C /* PBXContainerItemProxy */;
		};
/* End PBXTargetDependency section */

/* Begin XCBuildConfiguration section */
		2A0B96CE2B71DA6F0035775C /* Debug */ = {
			isa = XCBuildConfiguration;
			buildSettings = {
				ALWAYS_SEARCH_USER_PATHS = NO;
				ASSETCATALOG_COMPILER_GENERATE_SWIFT_ASSET_SYMBOL_EXTENSIONS = YES;
				CLANG_ANALYZER_NONNULL = YES;
				CLANG_ANALYZER_NUMBER_OBJECT_CONVERSION = YES_AGGRESSIVE;
				CLANG_CXX_LANGUAGE_STANDARD = "gnu++20";
				CLANG_ENABLE_MODULES = YES;
				CLANG_ENABLE_OBJC_ARC = YES;
				CLANG_ENABLE_OBJC_WEAK = YES;
				CLANG_WARN_BLOCK_CAPTURE_AUTORELEASING = YES;
				CLANG_WARN_BOOL_CONVERSION = YES;
				CLANG_WARN_COMMA = YES;
				CLANG_WARN_CONSTANT_CONVERSION = YES;
				CLANG_WARN_DEPRECATED_OBJC_IMPLEMENTATIONS = YES;
				CLANG_WARN_DIRECT_OBJC_ISA_USAGE = YES_ERROR;
				CLANG_WARN_DOCUMENTATION_COMMENTS = YES;
				CLANG_WARN_EMPTY_BODY = YES;
				CLANG_WARN_ENUM_CONVERSION = YES;
				CLANG_WARN_INFINITE_RECURSION = YES;
				CLANG_WARN_INT_CONVERSION = YES;
				CLANG_WARN_NON_LITERAL_NULL_CONVERSION = YES;
				CLANG_WARN_OBJC_IMPLICIT_RETAIN_SELF = YES;
				CLANG_WARN_OBJC_LITERAL_CONVERSION = YES;
				CLANG_WARN_OBJC_ROOT_CLASS = YES_ERROR;
				CLANG_WARN_QUOTED_INCLUDE_IN_FRAMEWORK_HEADER = YES;
				CLANG_WARN_RANGE_LOOP_ANALYSIS = YES;
				CLANG_WARN_STRICT_PROTOTYPES = YES;
				CLANG_WARN_SUSPICIOUS_MOVE = YES;
				CLANG_WARN_UNGUARDED_AVAILABILITY = YES_AGGRESSIVE;
				CLANG_WARN_UNREACHABLE_CODE = YES;
				CLANG_WARN__DUPLICATE_METHOD_MATCH = YES;
				COPY_PHASE_STRIP = NO;
				DEBUG_INFORMATION_FORMAT = dwarf;
				ENABLE_STRICT_OBJC_MSGSEND = YES;
				ENABLE_TESTABILITY = YES;
				ENABLE_USER_SCRIPT_SANDBOXING = YES;
				GCC_C_LANGUAGE_STANDARD = gnu17;
				GCC_DYNAMIC_NO_PIC = NO;
				GCC_NO_COMMON_BLOCKS = YES;
				GCC_OPTIMIZATION_LEVEL = 0;
				GCC_PREPROCESSOR_DEFINITIONS = (
					"DEBUG=1",
					"$(inherited)",
				);
				GCC_WARN_64_TO_32_BIT_CONVERSION = YES;
				GCC_WARN_ABOUT_RETURN_TYPE = YES_ERROR;
				GCC_WARN_UNDECLARED_SELECTOR = YES;
				GCC_WARN_UNINITIALIZED_AUTOS = YES_AGGRESSIVE;
				GCC_WARN_UNUSED_FUNCTION = YES;
				GCC_WARN_UNUSED_VARIABLE = YES;
				IPHONEOS_DEPLOYMENT_TARGET = 17.2;
				LOCALIZATION_PREFERS_STRING_CATALOGS = YES;
				MTL_ENABLE_DEBUG_INFO = INCLUDE_SOURCE;
				MTL_FAST_MATH = YES;
				ONLY_ACTIVE_ARCH = YES;
				SDKROOT = iphoneos;
				SWIFT_ACTIVE_COMPILATION_CONDITIONS = "DEBUG $(inherited)";
				SWIFT_OPTIMIZATION_LEVEL = "-Onone";
			};
			name = Debug;
		};
		2A0B96CF2B71DA6F0035775C /* Release */ = {
			isa = XCBuildConfiguration;
			buildSettings = {
				ALWAYS_SEARCH_USER_PATHS = NO;
				ASSETCATALOG_COMPILER_GENERATE_SWIFT_ASSET_SYMBOL_EXTENSIONS = YES;
				CLANG_ANALYZER_NONNULL = YES;
				CLANG_ANALYZER_NUMBER_OBJECT_CONVERSION = YES_AGGRESSIVE;
				CLANG_CXX_LANGUAGE_STANDARD = "gnu++20";
				CLANG_ENABLE_MODULES = YES;
				CLANG_ENABLE_OBJC_ARC = YES;
				CLANG_ENABLE_OBJC_WEAK = YES;
				CLANG_WARN_BLOCK_CAPTURE_AUTORELEASING = YES;
				CLANG_WARN_BOOL_CONVERSION = YES;
				CLANG_WARN_COMMA = YES;
				CLANG_WARN_CONSTANT_CONVERSION = YES;
				CLANG_WARN_DEPRECATED_OBJC_IMPLEMENTATIONS = YES;
				CLANG_WARN_DIRECT_OBJC_ISA_USAGE = YES_ERROR;
				CLANG_WARN_DOCUMENTATION_COMMENTS = YES;
				CLANG_WARN_EMPTY_BODY = YES;
				CLANG_WARN_ENUM_CONVERSION = YES;
				CLANG_WARN_INFINITE_RECURSION = YES;
				CLANG_WARN_INT_CONVERSION = YES;
				CLANG_WARN_NON_LITERAL_NULL_CONVERSION = YES;
				CLANG_WARN_OBJC_IMPLICIT_RETAIN_SELF = YES;
				CLANG_WARN_OBJC_LITERAL_CONVERSION = YES;
				CLANG_WARN_OBJC_ROOT_CLASS = YES_ERROR;
				CLANG_WARN_QUOTED_INCLUDE_IN_FRAMEWORK_HEADER = YES;
				CLANG_WARN_RANGE_LOOP_ANALYSIS = YES;
				CLANG_WARN_STRICT_PROTOTYPES = YES;
				CLANG_WARN_SUSPICIOUS_MOVE = YES;
				CLANG_WARN_UNGUARDED_AVAILABILITY = YES_AGGRESSIVE;
				CLANG_WARN_UNREACHABLE_CODE = YES;
				CLANG_WARN__DUPLICATE_METHOD_MATCH = YES;
				COPY_PHASE_STRIP = NO;
				DEBUG_INFORMATION_FORMAT = "dwarf-with-dsym";
				ENABLE_NS_ASSERTIONS = NO;
				ENABLE_STRICT_OBJC_MSGSEND = YES;
				ENABLE_USER_SCRIPT_SANDBOXING = YES;
				GCC_C_LANGUAGE_STANDARD = gnu17;
				GCC_NO_COMMON_BLOCKS = YES;
				GCC_WARN_64_TO_32_BIT_CONVERSION = YES;
				GCC_WARN_ABOUT_RETURN_TYPE = YES_ERROR;
				GCC_WARN_UNDECLARED_SELECTOR = YES;
				GCC_WARN_UNINITIALIZED_AUTOS = YES_AGGRESSIVE;
				GCC_WARN_UNUSED_FUNCTION = YES;
				GCC_WARN_UNUSED_VARIABLE = YES;
				IPHONEOS_DEPLOYMENT_TARGET = 17.2;
				LOCALIZATION_PREFERS_STRING_CATALOGS = YES;
				MTL_ENABLE_DEBUG_INFO = NO;
				MTL_FAST_MATH = YES;
				SDKROOT = iphoneos;
				SWIFT_COMPILATION_MODE = wholemodule;
				VALIDATE_PRODUCT = YES;
			};
			name = Release;
		};
		2A0B96D12B71DA6F0035775C /* Debug */ = {
			isa = XCBuildConfiguration;
			buildSettings = {
				ALWAYS_EMBED_SWIFT_STANDARD_LIBRARIES = YES;
				ASSETCATALOG_COMPILER_APPICON_NAME = AppIcon;
				ASSETCATALOG_COMPILER_GLOBAL_ACCENT_COLOR_NAME = AccentColor;
				CODE_SIGN_STYLE = Automatic;
				CURRENT_PROJECT_VERSION = 1;
				DEVELOPMENT_ASSET_PATHS = "\"WidgetSwiftUI/Preview Content\"";
				DEVELOPMENT_TEAM = 5S22W76BBZ;
				ENABLE_PREVIEWS = YES;
				GENERATE_INFOPLIST_FILE = YES;
				INFOPLIST_KEY_UIApplicationSceneManifest_Generation = YES;
				INFOPLIST_KEY_UIApplicationSupportsIndirectInputEvents = YES;
				INFOPLIST_KEY_UILaunchScreen_Generation = YES;
				INFOPLIST_KEY_UISupportedInterfaceOrientations_iPad = "UIInterfaceOrientationPortrait UIInterfaceOrientationPortraitUpsideDown UIInterfaceOrientationLandscapeLeft UIInterfaceOrientationLandscapeRight";
				INFOPLIST_KEY_UISupportedInterfaceOrientations_iPhone = "UIInterfaceOrientationPortrait UIInterfaceOrientationLandscapeLeft UIInterfaceOrientationLandscapeRight";
				LD_RUNPATH_SEARCH_PATHS = (
					"$(inherited)",
					"@executable_path/Frameworks",
				);
				MARKETING_VERSION = 1.0;
				PRODUCT_BUNDLE_IDENTIFIER = com.kevinhomorales.WidgetSwiftUI;
				PRODUCT_NAME = "$(TARGET_NAME)";
				SWIFT_EMIT_LOC_STRINGS = YES;
				SWIFT_VERSION = 5.0;
				TARGETED_DEVICE_FAMILY = "1,2";
			};
			name = Debug;
		};
		2A0B96D22B71DA6F0035775C /* Release */ = {
			isa = XCBuildConfiguration;
			buildSettings = {
				ALWAYS_EMBED_SWIFT_STANDARD_LIBRARIES = YES;
				ASSETCATALOG_COMPILER_APPICON_NAME = AppIcon;
				ASSETCATALOG_COMPILER_GLOBAL_ACCENT_COLOR_NAME = AccentColor;
				CODE_SIGN_STYLE = Automatic;
				CURRENT_PROJECT_VERSION = 1;
				DEVELOPMENT_ASSET_PATHS = "\"WidgetSwiftUI/Preview Content\"";
				DEVELOPMENT_TEAM = 5S22W76BBZ;
				ENABLE_PREVIEWS = YES;
				GENERATE_INFOPLIST_FILE = YES;
				INFOPLIST_KEY_UIApplicationSceneManifest_Generation = YES;
				INFOPLIST_KEY_UIApplicationSupportsIndirectInputEvents = YES;
				INFOPLIST_KEY_UILaunchScreen_Generation = YES;
				INFOPLIST_KEY_UISupportedInterfaceOrientations_iPad = "UIInterfaceOrientationPortrait UIInterfaceOrientationPortraitUpsideDown UIInterfaceOrientationLandscapeLeft UIInterfaceOrientationLandscapeRight";
				INFOPLIST_KEY_UISupportedInterfaceOrientations_iPhone = "UIInterfaceOrientationPortrait UIInterfaceOrientationLandscapeLeft UIInterfaceOrientationLandscapeRight";
				LD_RUNPATH_SEARCH_PATHS = (
					"$(inherited)",
					"@executable_path/Frameworks",
				);
				MARKETING_VERSION = 1.0;
				PRODUCT_BUNDLE_IDENTIFIER = com.kevinhomorales.WidgetSwiftUI;
				PRODUCT_NAME = "$(TARGET_NAME)";
				SWIFT_EMIT_LOC_STRINGS = YES;
				SWIFT_VERSION = 5.0;
				TARGETED_DEVICE_FAMILY = "1,2";
			};
			name = Release;
		};
		2A0B96ED2B71DC8E0035775C /* Debug */ = {
			isa = XCBuildConfiguration;
			buildSettings = {
				ASSETCATALOG_COMPILER_GLOBAL_ACCENT_COLOR_NAME = AccentColor;
				ASSETCATALOG_COMPILER_WIDGET_BACKGROUND_COLOR_NAME = WidgetBackground;
				CODE_SIGN_STYLE = Automatic;
				CURRENT_PROJECT_VERSION = 1;
				DEVELOPMENT_TEAM = 5S22W76BBZ;
				GENERATE_INFOPLIST_FILE = YES;
				INFOPLIST_FILE = WidgetTest/Info.plist;
				INFOPLIST_KEY_CFBundleDisplayName = WidgetTest;
				INFOPLIST_KEY_NSHumanReadableCopyright = "";
				LD_RUNPATH_SEARCH_PATHS = (
					"$(inherited)",
					"@executable_path/Frameworks",
					"@executable_path/../../Frameworks",
				);
				MARKETING_VERSION = 1.0;
				PRODUCT_BUNDLE_IDENTIFIER = com.kevinhomorales.WidgetSwiftUI.WidgetTest;
				PRODUCT_NAME = "$(TARGET_NAME)";
				SKIP_INSTALL = YES;
				SWIFT_EMIT_LOC_STRINGS = YES;
				SWIFT_VERSION = 5.0;
				TARGETED_DEVICE_FAMILY = "1,2";
			};
			name = Debug;
		};
		2A0B96EE2B71DC8E0035775C /* Release */ = {
			isa = XCBuildConfiguration;
			buildSettings = {
				ASSETCATALOG_COMPILER_GLOBAL_ACCENT_COLOR_NAME = AccentColor;
				ASSETCATALOG_COMPILER_WIDGET_BACKGROUND_COLOR_NAME = WidgetBackground;
				CODE_SIGN_STYLE = Automatic;
				CURRENT_PROJECT_VERSION = 1;
				DEVELOPMENT_TEAM = 5S22W76BBZ;
				GENERATE_INFOPLIST_FILE = YES;
				INFOPLIST_FILE = WidgetTest/Info.plist;
				INFOPLIST_KEY_CFBundleDisplayName = WidgetTest;
				INFOPLIST_KEY_NSHumanReadableCopyright = "";
				LD_RUNPATH_SEARCH_PATHS = (
					"$(inherited)",
					"@executable_path/Frameworks",
					"@executable_path/../../Frameworks",
				);
				MARKETING_VERSION = 1.0;
				PRODUCT_BUNDLE_IDENTIFIER = com.kevinhomorales.WidgetSwiftUI.WidgetTest;
				PRODUCT_NAME = "$(TARGET_NAME)";
				SKIP_INSTALL = YES;
				SWIFT_EMIT_LOC_STRINGS = YES;
				SWIFT_VERSION = 5.0;
				TARGETED_DEVICE_FAMILY = "1,2";
			};
			name = Release;
		};
/* End XCBuildConfiguration section */

/* Begin XCConfigurationList section */
		2A0B96BD2B71DA6C0035775C /* Build configuration list for PBXProject "WidgetSwiftUI" */ = {
			isa = XCConfigurationList;
			buildConfigurations = (
				2A0B96CE2B71DA6F0035775C /* Debug */,
				2A0B96CF2B71DA6F0035775C /* Release */,
			);
			defaultConfigurationIsVisible = 0;
			defaultConfigurationName = Release;
		};
		2A0B96D02B71DA6F0035775C /* Build configuration list for PBXNativeTarget "WidgetSwiftUI" */ = {
			isa = XCConfigurationList;
			buildConfigurations = (
				2A0B96D12B71DA6F0035775C /* Debug */,
				2A0B96D22B71DA6F0035775C /* Release */,
			);
			defaultConfigurationIsVisible = 0;
			defaultConfigurationName = Release;
		};
		2A0B96EF2B71DC8E0035775C /* Build configuration list for PBXNativeTarget "WidgetTestExtension" */ = {
			isa = XCConfigurationList;
			buildConfigurations = (
				2A0B96ED2B71DC8E0035775C /* Debug */,
				2A0B96EE2B71DC8E0035775C /* Release */,
			);
			defaultConfigurationIsVisible = 0;
			defaultConfigurationName = Release;
		};
/* End XCConfigurationList section */
	};
	rootObject = 2A0B96BA2B71DA6C0035775C /* Project object */;
}
